{
  "name": "mandMobile",
  "version": "1.0.0",
  "lockfileVersion": 1,
  "requires": true,
  "dependencies": {
    "mand-mobile": {
      "version": "1.0.4",
      "resolved": "https://registry.npmjs.org/mand-mobile/-/mand-mobile-1.0.4.tgz",
      "integrity": "sha512-VdH8V8BnQ0pc7MS/ISRCQeYDP2bwiqtn9mhujWMCRx4apBFAh2iJoEk/tlIBvzw7Y5icazDRA8BwWoLMfZ9JDg=="
    }
  }
}
